
Microsoft Visual Studio Solution File, Format Version 12.00
# Visual Studio Version 17
VisualStudioVersion = 17.5.33530.505
MinimumVisualStudioVersion = 10.0.40219.1
Project("{888888A0-9F3D-457C-B088-3A5042F75D52}") = "Vs_proj", "Vs_proj.pyproj", "{723F5874-EF5F-4DD2-B8DC-126F5F8B13BE}"
EndProject
Global
	GlobalSection(SolutionConfigurationPlatforms) = preSolution
		Debug|Any CPU = Debug|Any CPU
		Release|Any CPU = Release|Any CPU
	EndGlobalSection
	GlobalSection(ProjectConfigurationPlatforms) = postSolution
		{723F5874-EF5F-4DD2-B8DC-126F5F8B13BE}.Debug|Any CPU.ActiveCfg = Debug|Any CPU
		{723F5874-EF5F-4DD2-B8DC-126F5F8B13BE}.Release|Any CPU.ActiveCfg = Release|Any CPU
	EndGlobalSection
	GlobalSection(SolutionProperties) = preSolution
		HideSolutionNode = FALSE
	EndGlobalSection
	GlobalSection(ExtensibilityGlobals) = postSolution
		SolutionGuid = {FEEACD62-C24E-46E8-A3DB-D3456F950681}
	EndGlobalSection
EndGlobal
